// !$*UTF8*$!
{
	archiveVersion = 1;
	classes = {
	};
	objectVersion = 50;
	objects = {

/* Begin PBXBuildFile section */
		AEFF84A720AC7DE1002D7EC3 /* Model.h in Headers */ = {isa = PBXBuildFile; fileRef = AEFF84A620AC7DE1002D7EC3 /* Model.h */; };
		AEFF84A920AC7DE1002D7EC3 /* Model.m in Sources */ = {isa = PBXBuildFile; fileRef = AEFF84A820AC7DE1002D7EC3 /* Model.m */; };
		AEFF84B620AC7E42002D7EC3 /* ModelTest.m in Sources */ = {isa = PBXBuildFile; fileRef = AEFF84B520AC7E42002D7EC3 /* ModelTest.m */; };
		AEFF84B820AC7E42002D7EC3 /* libModel.a in Frameworks */ = {isa = PBXBuildFile; fileRef = AEFF84A320AC7DE1002D7EC3 /* libModel.a */; };
/* End PBXBuildFile section */

/* Begin PBXContainerItemProxy section */
		AEFF84B920AC7E42002D7EC3 /* PBXContainerItemProxy */ = {
			isa = PBXContainerItemProxy;
			containerPortal = AEFF849B20AC7DE1002D7EC3 /* Project object */;
			proxyType = 1;
			remoteGlobalIDString = AEFF84A220AC7DE1002D7EC3;
			remoteInfo = Model;
		};
/* End PBXContainerItemProxy section */

/* Begin PBXFileReference section */
		AEFF84A320AC7DE1002D7EC3 /* libModel.a */ = {isa = PBXFileReference; explicitFileType = archive.ar; includeInIndex = 0; path = libModel.a; sourceTree = BUILT_PRODUCTS_DIR; };
		AEFF84A620AC7DE1002D7EC3 /* Model.h */ = {isa = PBXFileReference; lastKnownFileType = sourcecode.c.h; path = Model.h; sourceTree = "<group>"; };
		AEFF84A820AC7DE1002D7EC3 /* Model.m */ = {isa = PBXFileReference; lastKnownFileType = sourcecode.c.objc; path = Model.m; sourceTree = "<group>"; };
		AEFF84B320AC7E42002D7EC3 /* ModelTest.xctest */ = {isa = PBXFileReference; explicitFileType = wrapper.cfbundle; includeInIndex = 0; path = ModelTest.xctest; sourceTree = BUILT_PRODUCTS_DIR; };
		AEFF84B520AC7E42002D7EC3 /* ModelTest.m */ = {isa = PBXFileReference; lastKnownFileType = sourcecode.c.objc; path = ModelTest.m; sourceTree = "<group>"; };
		AEFF84B720AC7E42002D7EC3 /* Info.plist */ = {isa = PBXFileReference; lastKnownFileType = text.plist.xml; path = Info.plist; sourceTree = "<group>"; };
/* End PBXFileReference section */

/* Begin PBXFrameworksBuildPhase section */
		AEFF84A020AC7DE1002D7EC3 /* Frameworks */ = {
			isa = PBXFrameworksBuildPhase;
			buildActionMask = 2147483647;
			files = (
			);
			runOnlyForDeploymentPostprocessing = 0;
		};
		AEFF84B020AC7E42002D7EC3 /* Frameworks */ = {
			isa = PBXFrameworksBuildPhase;
			buildActionMask = 2147483647;
			files = (
				AEFF84B820AC7E42002D7EC3 /* libModel.a in Frameworks */,
			);
			runOnlyForDeploymentPostprocessing = 0;
		};
/* End PBXFrameworksBuildPhase section */

/* Begin PBXGroup section */
		AEFF849A20AC7DE1002D7EC3 = {
			isa = PBXGroup;
			children = (
				AEFF84A520AC7DE1002D7EC3 /* Model */,
				AEFF84B420AC7E42002D7EC3 /* ModelTest */,
				AEFF84A420AC7DE1002D7EC3 /* Products */,
			);
			sourceTree = "<group>";
		};
		AEFF84A420AC7DE1002D7EC3 /* Products */ = {
			isa = PBXGroup;
			children = (
				AEFF84A320AC7DE1002D7EC3 /* libModel.a */,
				AEFF84B320AC7E42002D7EC3 /* ModelTest.xctest */,
			);
			name = Products;
			sourceTree = "<group>";
		};
		AEFF84A520AC7DE1002D7EC3 /* Model */ = {
			isa = PBXGroup;
			children = (
				AEFF84A620AC7DE1002D7EC3 /* Model.h */,
				AEFF84A820AC7DE1002D7EC3 /* Model.m */,
			);
			path = Model;
			sourceTree = "<group>";
		};
		AEFF84B420AC7E42002D7EC3 /* ModelTest */ = {
			isa = PBXGroup;
			children = (
				AEFF84B520AC7E42002D7EC3 /* ModelTest.m */,
				AEFF84B720AC7E42002D7EC3 /* Info.plist */,
			);
			path = ModelTest;
			sourceTree = "<group>";
		};
/* End PBXGroup section */

/* Begin PBXHeadersBuildPhase section */
		AEFF84A120AC7DE1002D7EC3 /* Headers */ = {
			isa = PBXHeadersBuildPhase;
			buildActionMask = 2147483647;
			files = (
				AEFF84A720AC7DE1002D7EC3 /* Model.h in Headers */,
			);
			runOnlyForDeploymentPostprocessing = 0;
		};
/* End PBXHeadersBuildPhase section */

/* Begin PBXNativeTarget section */
		AEFF84A220AC7DE1002D7EC3 /* Model */ = {
			isa = PBXNativeTarget;
			buildConfigurationList = AEFF84AC20AC7DE1002D7EC3 /* Build configuration list for PBXNativeTarget "Model" */;
			buildPhases = (
				AEFF849F20AC7DE1002D7EC3 /* Sources */,
				AEFF84A020AC7DE1002D7EC3 /* Frameworks */,
				AEFF84A120AC7DE1002D7EC3 /* Headers */,
			);
			buildRules = (
			);
			dependencies = (
			);
			name = Model;
			productName = Model;
			productReference = AEFF84A320AC7DE1002D7EC3 /* libModel.a */;
			productType = "com.apple.product-type.library.static";
		};
		AEFF84B220AC7E42002D7EC3 /* ModelTest */ = {
			isa = PBXNativeTarget;
			buildConfigurationList = AEFF84BD20AC7E42002D7EC3 /* Build configuration list for PBXNativeTarget "ModelTest" */;
			buildPhases = (
				AEFF84AF20AC7E42002D7EC3 /* Sources */,
				AEFF84B020AC7E42002D7EC3 /* Frameworks */,
				AEFF84B120AC7E42002D7EC3 /* Resources */,
			);
			buildRules = (
			);
			dependencies = (
				AEFF84BA20AC7E42002D7EC3 /* PBXTargetDependency */,
			);
			name = ModelTest;
			productName = ModelTest;
			productReference = AEFF84B320AC7E42002D7EC3 /* ModelTest.xctest */;
			productType = "com.apple.product-type.bundle.unit-test";
		};
/* End PBXNativeTarget section */

/* Begin PBXProject section */
		AEFF849B20AC7DE1002D7EC3 /* Project object */ = {
			isa = PBXProject;
			attributes = {
				LastUpgradeCheck = 0930;
				ORGANIZATIONNAME = "Iain Merrick";
				TargetAttributes = {
					AEFF84A220AC7DE1002D7EC3 = {
						CreatedOnToolsVersion = 9.3.1;
					};
					AEFF84B220AC7E42002D7EC3 = {
						CreatedOnToolsVersion = 9.3.1;
					};
				};
			};
			buildConfigurationList = AEFF849E20AC7DE1002D7EC3 /* Build configuration list for PBXProject "Model" */;
			compatibilityVersion = "Xcode 9.3";
			developmentRegion = en;
			hasScannedForEncodings = 0;
			knownRegions = (
				en,
			);
			mainGroup = AEFF849A20AC7DE1002D7EC3;
			productRefGroup = AEFF84A420AC7DE1002D7EC3 /* Products */;
			projectDirPath = "";
			projectRoot = "";
			targets = (
				AEFF84A220AC7DE1002D7EC3 /* Model */,
				AEFF84B220AC7E42002D7EC3 /* ModelTest */,
			);
		};
/* End PBXProject section */

/* Begin PBXResourcesBuildPhase section */
		AEFF84B120AC7E42002D7EC3 /* Resources */ = {
			isa = PBXResourcesBuildPhase;
			buildActionMask = 2147483647;
			files = (
			);
			runOnlyForDeploymentPostprocessing = 0;
		};
/* End PBXResourcesBuildPhase section */

/* Begin PBXSourcesBuildPhase section */
		AEFF849F20AC7DE1002D7EC3 /* Sources */ = {
			isa = PBXSourcesBuildPhase;
			buildActionMask = 2147483647;
			files = (
				AEFF84A920AC7DE1002D7EC3 /* Model.m in Sources */,
			);
			runOnlyForDeploymentPostprocessing = 0;
		};
		AEFF84AF20AC7E42002D7EC3 /* Sources */ = {
			isa = PBXSourcesBuildPhase;
			buildActionMask = 2147483647;
			files = (
				AEFF84B620AC7E42002D7EC3 /* ModelTest.m in Sources */,
			);
			runOnlyForDeploymentPostprocessing = 0;
		};
/* End PBXSourcesBuildPhase section */

/* Begin PBXTargetDependency section */
		AEFF84BA20AC7E42002D7EC3 /* PBXTargetDependency */ = {
			isa = PBXTargetDependency;
			target = AEFF84A220AC7DE1002D7EC3 /* Model */;
			targetProxy = AEFF84B920AC7E42002D7EC3 /* PBXContainerItemProxy */;
		};
/* End PBXTargetDependency section */

/* Begin XCBuildConfiguration section */
		AEFF84AA20AC7DE1002D7EC3 /* Debug */ = {
			isa = XCBuildConfiguration;
			buildSettings = {
				ALWAYS_SEARCH_USER_PATHS = NO;
				CLANG_ANALYZER_NONNULL = YES;
				CLANG_ANALYZER_NUMBER_OBJECT_CONVERSION = YES_AGGRESSIVE;
				CLANG_CXX_LANGUAGE_STANDARD = "gnu++14";
				CLANG_CXX_LIBRARY = "libc++";
				CLANG_ENABLE_MODULES = YES;
				CLANG_ENABLE_OBJC_ARC = YES;
				CLANG_ENABLE_OBJC_WEAK = YES;
				CLANG_WARN_BLOCK_CAPTURE_AUTORELEASING = YES;
				CLANG_WARN_BOOL_CONVERSION = YES;
				CLANG_WARN_COMMA = YES;
				CLANG_WARN_CONSTANT_CONVERSION = YES;
				CLANG_WARN_DEPRECATED_OBJC_IMPLEMENTATIONS = YES;
				CLANG_WARN_DIRECT_OBJC_ISA_USAGE = YES_ERROR;
				CLANG_WARN_DOCUMENTATION_COMMENTS = YES;
				CLANG_WARN_EMPTY_BODY = YES;
				CLANG_WARN_ENUM_CONVERSION = YES;
				CLANG_WARN_INFINITE_RECURSION = YES;
				CLANG_WARN_INT_CONVERSION = YES;
				CLANG_WARN_NON_LITERAL_NULL_CONVERSION = YES;
				CLANG_WARN_OBJC_IMPLICIT_RETAIN_SELF = YES;
				CLANG_WARN_OBJC_LITERAL_CONVERSION = YES;
				CLANG_WARN_OBJC_ROOT_CLASS = YES_ERROR;
				CLANG_WARN_RANGE_LOOP_ANALYSIS = YES;
				CLANG_WARN_STRICT_PROTOTYPES = YES;
				CLANG_WARN_SUSPICIOUS_MOVE = YES;
				CLANG_WARN_UNGUARDED_AVAILABILITY = YES_AGGRESSIVE;
				CLANG_WARN_UNREACHABLE_CODE = YES;
				CLANG_WARN__DUPLICATE_METHOD_MATCH = YES;
				CODE_SIGN_IDENTITY = "-";
				COPY_PHASE_STRIP = NO;
				DEBUG_INFORMATION_FORMAT = dwarf;
				ENABLE_STRICT_OBJC_MSGSEND = YES;
				ENABLE_TESTABILITY = YES;
				GCC_C_LANGUAGE_STANDARD = gnu11;
				GCC_DYNAMIC_NO_PIC = NO;
				GCC_NO_COMMON_BLOCKS = YES;
				GCC_OPTIMIZATION_LEVEL = 0;
				GCC_PREPROCESSOR_DEFINITIONS = (
					"DEBUG=1",
					"$(inherited)",
				);
				GCC_WARN_64_TO_32_BIT_CONVERSION = YES;
				GCC_WARN_ABOUT_RETURN_TYPE = YES_ERROR;
				GCC_WARN_UNDECLARED_SELECTOR = YES;
				GCC_WARN_UNINITIALIZED_AUTOS = YES_AGGRESSIVE;
				GCC_WARN_UNUSED_FUNCTION = YES;
				GCC_WARN_UNUSED_VARIABLE = YES;
				MACOSX_DEPLOYMENT_TARGET = 10.13;
				MTL_ENABLE_DEBUG_INFO = YES;
				ONLY_ACTIVE_ARCH = YES;
				SDKROOT = macosx;
			};
			name = Debug;
		};
		AEFF84AB20AC7DE1002D7EC3 /* Release */ = {
			isa = XCBuildConfiguration;
			buildSettings = {
				ALWAYS_SEARCH_USER_PATHS = NO;
				CLANG_ANALYZER_NONNULL = YES;
				CLANG_ANALYZER_NUMBER_OBJECT_CONVERSION = YES_AGGRESSIVE;
				CLANG_CXX_LANGUAGE_STANDARD = "gnu++14";
				CLANG_CXX_LIBRARY = "libc++";
				CLANG_ENABLE_MODULES = YES;
				CLANG_ENABLE_OBJC_ARC = YES;
				CLANG_ENABLE_OBJC_WEAK = YES;
				CLANG_WARN_BLOCK_CAPTURE_AUTORELEASING = YES;
				CLANG_WARN_BOOL_CONVERSION = YES;
				CLANG_WARN_COMMA = YES;
				CLANG_WARN_CONSTANT_CONVERSION = YES;
				CLANG_WARN_DEPRECATED_OBJC_IMPLEMENTATIONS = YES;
				CLANG_WARN_DIRECT_OBJC_ISA_USAGE = YES_ERROR;
				CLANG_WARN_DOCUMENTATION_COMMENTS = YES;
				CLANG_WARN_EMPTY_BODY = YES;
				CLANG_WARN_ENUM_CONVERSION = YES;
				CLANG_WARN_INFINITE_RECURSION = YES;
				CLANG_WARN_INT_CONVERSION = YES;
				CLANG_WARN_NON_LITERAL_NULL_CONVERSION = YES;
				CLANG_WARN_OBJC_IMPLICIT_RETAIN_SELF = YES;
				CLANG_WARN_OBJC_LITERAL_CONVERSION = YES;
				CLANG_WARN_OBJC_ROOT_CLASS = YES_ERROR;
				CLANG_WARN_RANGE_LOOP_ANALYSIS = YES;
				CLANG_WARN_STRICT_PROTOTYPES = YES;
				CLANG_WARN_SUSPICIOUS_MOVE = YES;
				CLANG_WARN_UNGUARDED_AVAILABILITY = YES_AGGRESSIVE;
				CLANG_WARN_UNREACHABLE_CODE = YES;
				CLANG_WARN__DUPLICATE_METHOD_MATCH = YES;
				CODE_SIGN_IDENTITY = "-";
				COPY_PHASE_STRIP = NO;
				DEBUG_INFORMATION_FORMAT = "dwarf-with-dsym";
				ENABLE_NS_ASSERTIONS = NO;
				ENABLE_STRICT_OBJC_MSGSEND = YES;
				GCC_C_LANGUAGE_STANDARD = gnu11;
				GCC_NO_COMMON_BLOCKS = YES;
				GCC_WARN_64_TO_32_BIT_CONVERSION = YES;
				GCC_WARN_ABOUT_RETURN_TYPE = YES_ERROR;
				GCC_WARN_UNDECLARED_SELECTOR = YES;
				GCC_WARN_UNINITIALIZED_AUTOS = YES_AGGRESSIVE;
				GCC_WARN_UNUSED_FUNCTION = YES;
				GCC_WARN_UNUSED_VARIABLE = YES;
				MACOSX_DEPLOYMENT_TARGET = 10.13;
				MTL_ENABLE_DEBUG_INFO = NO;
				SDKROOT = macosx;
			};
			name = Release;
		};
		AEFF84AD20AC7DE1002D7EC3 /* Debug */ = {
			isa = XCBuildConfiguration;
			buildSettings = {
				CODE_SIGN_STYLE = Automatic;
				EXECUTABLE_PREFIX = lib;
				PRODUCT_NAME = "$(TARGET_NAME)";
				SKIP_INSTALL = YES;
			};
			name = Debug;
		};
		AEFF84AE20AC7DE1002D7EC3 /* Release */ = {
			isa = XCBuildConfiguration;
			buildSettings = {
				CODE_SIGN_STYLE = Automatic;
				EXECUTABLE_PREFIX = lib;
				PRODUCT_NAME = "$(TARGET_NAME)";
				SKIP_INSTALL = YES;
			};
			name = Release;
		};
		AEFF84BB20AC7E42002D7EC3 /* Debug */ = {
			isa = XCBuildConfiguration;
			buildSettings = {
				CODE_SIGN_STYLE = Automatic;
				COMBINE_HIDPI_IMAGES = YES;
				INFOPLIST_FILE = ModelTest/Info.plist;
				LD_RUNPATH_SEARCH_PATHS = (
					"$(inherited)",
					"@executable_path/../Frameworks",
					"@loader_path/../Frameworks",
				);
				PRODUCT_BUNDLE_IDENTIFIER = com.moreplease.fangame.ModelTest;
				PRODUCT_NAME = "$(TARGET_NAME)";
			};
			name = Debug;
		};
		AEFF84BC20AC7E42002D7EC3 /* Release */ = {
			isa = XCBuildConfiguration;
			buildSettings = {
				CODE_SIGN_STYLE = Automatic;
				COMBINE_HIDPI_IMAGES = YES;
				INFOPLIST_FILE = ModelTest/Info.plist;
				LD_RUNPATH_SEARCH_PATHS = (
					"$(inherited)",
					"@executable_path/../Frameworks",
					"@loader_path/../Frameworks",
				);
				PRODUCT_BUNDLE_IDENTIFIER = com.moreplease.fangame.ModelTest;
				PRODUCT_NAME = "$(TARGET_NAME)";
			};
			name = Release;
		};
/* End XCBuildConfiguration section */

/* Begin XCConfigurationList section */
		AEFF849E20AC7DE1002D7EC3 /* Build configuration list for PBXProject "Model" */ = {
			isa = XCConfigurationList;
			buildConfigurations = (
				AEFF84AA20AC7DE1002D7EC3 /* Debug */,
				AEFF84AB20AC7DE1002D7EC3 /* Release */,
			);
			defaultConfigurationIsVisible = 0;
			defaultConfigurationName = Release;
		};
		AEFF84AC20AC7DE1002D7EC3 /* Build configuration list for PBXNativeTarget "Model" */ = {
			isa = XCConfigurationList;
			buildConfigurations = (
				AEFF84AD20AC7DE1002D7EC3 /* Debug */,
				AEFF84AE20AC7DE1002D7EC3 /* Release */,
			);
			defaultConfigurationIsVisible = 0;
			defaultConfigurationName = Release;
		};
		AEFF84BD20AC7E42002D7EC3 /* Build configuration list for PBXNativeTarget "ModelTest" */ = {
			isa = XCConfigurationList;
			buildConfigurations = (
				AEFF84BB20AC7E42002D7EC3 /* Debug */,
				AEFF84BC20AC7E42002D7EC3 /* Release */,
			);
			defaultConfigurationIsVisible = 0;
			defaultConfigurationName = Release;
		};
/* End XCConfigurationList section */
	};
	rootObject = AEFF849B20AC7DE1002D7EC3 /* Project object */;
}
